// !$*UTF8*$!
{
	archiveVersion = 1;
	classes = {
	};
	objectVersion = 50;
	objects = {

/* Begin PBXFileReference section */
		910E74C923A5B5020036F4E9 /* Q15_3Sum.swift */ = {isa = PBXFileReference; lastKnownFileType = sourcecode.swift; path = Q15_3Sum.swift; sourceTree = "<group>"; };
		910E74CA23A5BF640036F4E9 /* Q125_ValidPalindrome.swift */ = {isa = PBXFileReference; lastKnownFileType = sourcecode.swift; path = Q125_ValidPalindrome.swift; sourceTree = "<group>"; };
		910E74CB23A5C4F10036F4E9 /* Q680_ValidPalindromeII.swift */ = {isa = PBXFileReference; lastKnownFileType = sourcecode.swift; path = Q680_ValidPalindromeII.swift; sourceTree = "<group>"; };
		910E74CC23A5C6A20036F4E9 /* Q283_MoveZeroes.swift */ = {isa = PBXFileReference; lastKnownFileType = sourcecode.swift; path = Q283_MoveZeroes.swift; sourceTree = "<group>"; };
		917B55E823A7075E00B9DEBA /* Q257_BinaryTreePaths.swift */ = {isa = PBXFileReference; lastKnownFileType = sourcecode.swift; path = Q257_BinaryTreePaths.swift; sourceTree = "<group>"; };
		917B55E923A719F400B9DEBA /* Q17_PhoneNumber.swift */ = {isa = PBXFileReference; lastKnownFileType = sourcecode.swift; path = Q17_PhoneNumber.swift; sourceTree = "<group>"; };
		917B55EA23A72FD200B9DEBA /* Q23_MergeKSortedLists.swift */ = {isa = PBXFileReference; lastKnownFileType = sourcecode.swift; path = Q23_MergeKSortedLists.swift; sourceTree = "<group>"; };
		917B55EB23A7356400B9DEBA /* Q206_ReverseLinkedList.swift */ = {isa = PBXFileReference; lastKnownFileType = sourcecode.swift; path = Q206_ReverseLinkedList.swift; sourceTree = "<group>"; };
		917B55EC23A73F8900B9DEBA /* Q56_MergeIntervals.swift */ = {isa = PBXFileReference; lastKnownFileType = sourcecode.swift; path = Q56_MergeIntervals.swift; sourceTree = "<group>"; };
		91DC085023A8D55000E934E5 /* Q200_NumberOfIslands.swift */ = {isa = PBXFileReference; lastKnownFileType = sourcecode.swift; path = Q200_NumberOfIslands.swift; sourceTree = "<group>"; };
		91DC085123A8D66300E934E5 /* Q282_ExpressionAddOperators.swift */ = {isa = PBXFileReference; lastKnownFileType = sourcecode.swift; path = Q282_ExpressionAddOperators.swift; sourceTree = "<group>"; };
		91DC085223AA02A200E934E5 /* Q78_Subsets.swift */ = {isa = PBXFileReference; lastKnownFileType = sourcecode.swift; path = Q78_Subsets.swift; sourceTree = "<group>"; };
		91DC085323AB6AB400E934E5 /* Q621_TaskScheduler.swift */ = {isa = PBXFileReference; lastKnownFileType = sourcecode.swift; path = Q621_TaskScheduler.swift; sourceTree = "<group>"; };
		91DC085423AC5B9100E934E5 /* Q269_AlienDictionary.swift */ = {isa = PBXFileReference; lastKnownFileType = sourcecode.swift; path = Q269_AlienDictionary.swift; sourceTree = "<group>"; };
		91DC085523AC68B100E934E5 /* Q953_VerifyingAlienDictionary.swift */ = {isa = PBXFileReference; lastKnownFileType = sourcecode.swift; path = Q953_VerifyingAlienDictionary.swift; sourceTree = "<group>"; };
		91DC085623AC6F3500E934E5 /* Q238_ProductArrayExceptSelf.swift */ = {isa = PBXFileReference; lastKnownFileType = sourcecode.swift; path = Q238_ProductArrayExceptSelf.swift; sourceTree = "<group>"; };
		91DC085723AC74A000E934E5 /* Q973_KClosestPointsOrigin.swift */ = {isa = PBXFileReference; lastKnownFileType = sourcecode.swift; path = Q973_KClosestPointsOrigin.swift; sourceTree = "<group>"; };
		91DC085823AC822400E934E5 /* Q560_SubarraySumEqualsK.swift */ = {isa = PBXFileReference; lastKnownFileType = sourcecode.swift; path = Q560_SubarraySumEqualsK.swift; sourceTree = "<group>"; };
		91DC085923ACA2D600E934E5 /* Q1249_MinRmValidParentheses.swift */ = {isa = PBXFileReference; lastKnownFileType = sourcecode.swift; path = Q1249_MinRmValidParentheses.swift; sourceTree = "<group>"; };
		91DC085A23ACC38900E934E5 /* Q273_IntegerEnglishWords.swift */ = {isa = PBXFileReference; lastKnownFileType = sourcecode.swift; path = Q273_IntegerEnglishWords.swift; sourceTree = "<group>"; };
		91DC085B23ACCC2B00E934E5 /* Q124_BinaryTreeMaxPathSum.swift */ = {isa = PBXFileReference; lastKnownFileType = sourcecode.swift; path = Q124_BinaryTreeMaxPathSum.swift; sourceTree = "<group>"; };
		91DC085C23AD6A0600E934E5 /* Q523_ContinuousSubarraySum.swift */ = {isa = PBXFileReference; lastKnownFileType = sourcecode.swift; path = Q523_ContinuousSubarraySum.swift; sourceTree = "<group>"; };
		91DC085D23AD843F00E934E5 /* Q426_BST2SortedDLL.swift */ = {isa = PBXFileReference; lastKnownFileType = sourcecode.swift; path = Q426_BST2SortedDLL.swift; sourceTree = "<group>"; };
		91DC085E23AD919C00E934E5 /* Q102_BTLevelOrderTraversal.swift */ = {isa = PBXFileReference; lastKnownFileType = sourcecode.swift; path = Q102_BTLevelOrderTraversal.swift; sourceTree = "<group>"; };
		91DC085F23AD91D200E934E5 /* Tree.swift */ = {isa = PBXFileReference; lastKnownFileType = sourcecode.swift; path = Tree.swift; sourceTree = "<group>"; };
		91DC086023AD97F000E934E5 /* Q297_SerializeBT.swift */ = {isa = PBXFileReference; lastKnownFileType = sourcecode.swift; path = Q297_SerializeBT.swift; sourceTree = "<group>"; };
		91DC086123ADA1D900E934E5 /* Q428_SerializeNTree.swift */ = {isa = PBXFileReference; lastKnownFileType = sourcecode.swift; path = Q428_SerializeNTree.swift; sourceTree = "<group>"; };
		91DC086223ADC22700E934E5 /* CharString.swift */ = {isa = PBXFileReference; lastKnownFileType = sourcecode.swift; path = CharString.swift; sourceTree = "<group>"; };
		91DC086323ADC33400E934E5 /* Q76_MinWindowSubstring.swift */ = {isa = PBXFileReference; lastKnownFileType = sourcecode.swift; path = Q76_MinWindowSubstring.swift; sourceTree = "<group>"; };
		91DC086423AED98F00E934E5 /* LinkedList.swift */ = {isa = PBXFileReference; lastKnownFileType = sourcecode.swift; path = LinkedList.swift; sourceTree = "<group>"; };
		91DC086523AF0DD700E934E5 /* Q146_LRUCache.swift */ = {isa = PBXFileReference; lastKnownFileType = sourcecode.swift; path = Q146_LRUCache.swift; sourceTree = "<group>"; };
		91DC086623AF0E8900E934E5 /* Q460_LFUCache.swift */ = {isa = PBXFileReference; lastKnownFileType = sourcecode.swift; path = Q460_LFUCache.swift; sourceTree = "<group>"; };
		91DC086723AF18E800E934E5 /* Q438_FindAnagrams.swift */ = {isa = PBXFileReference; lastKnownFileType = sourcecode.swift; path = Q438_FindAnagrams.swift; sourceTree = "<group>"; };
		91DC086823AF2CC700E934E5 /* Q199_BTRightView.swift */ = {isa = PBXFileReference; lastKnownFileType = sourcecode.swift; path = Q199_BTRightView.swift; sourceTree = "<group>"; };
		91DC086923AF377900E934E5 /* Q211_AddSearchWord.swift */ = {isa = PBXFileReference; lastKnownFileType = sourcecode.swift; path = Q211_AddSearchWord.swift; sourceTree = "<group>"; };
		91DC086A23AF3B5E00E934E5 /* Q208_ImplementTrie.swift */ = {isa = PBXFileReference; lastKnownFileType = sourcecode.swift; path = Q208_ImplementTrie.swift; sourceTree = "<group>"; };
		91DC086B23AF47F000E934E5 /* Q340_LongestSubstrKChars.swift */ = {isa = PBXFileReference; lastKnownFileType = sourcecode.swift; path = Q340_LongestSubstrKChars.swift; sourceTree = "<group>"; };
		91DC086C23AF4B4B00E934E5 /* Q785_GraphBipartite.swift */ = {isa = PBXFileReference; lastKnownFileType = sourcecode.swift; path = Q785_GraphBipartite.swift; sourceTree = "<group>"; };
		91DC086D23AF4B7400E934E5 /* Graph.swift */ = {isa = PBXFileReference; lastKnownFileType = sourcecode.swift; path = Graph.swift; sourceTree = "<group>"; };
		91DC086E23AF635300E934E5 /* BinarySearch.swift */ = {isa = PBXFileReference; lastKnownFileType = sourcecode.swift; path = BinarySearch.swift; sourceTree = "<group>"; };
		91DC086F23AF636400E934E5 /* Q540_SingleElement.swift */ = {isa = PBXFileReference; lastKnownFileType = sourcecode.swift; path = Q540_SingleElement.swift; sourceTree = "<group>"; };
		91DC087023AF689F00E934E5 /* Q173_BSTIterator.swift */ = {isa = PBXFileReference; lastKnownFileType = sourcecode.swift; path = Q173_BSTIterator.swift; sourceTree = "<group>"; };
		91DC087123AF6C4B00E934E5 /* Q65_ValidNumber.swift */ = {isa = PBXFileReference; lastKnownFileType = sourcecode.swift; path = Q65_ValidNumber.swift; sourceTree = "<group>"; };
		91DC087223AF70F300E934E5 /* Q636_ExclusiveTimeFunctions.swift */ = {isa = PBXFileReference; lastKnownFileType = sourcecode.swift; path = Q636_ExclusiveTimeFunctions.swift; sourceTree = "<group>"; };
		91DC087323AF715000E934E5 /* Others.swift */ = {isa = PBXFileReference; lastKnownFileType = sourcecode.swift; path = Others.swift; sourceTree = "<group>"; };
		91DC087423B02A5D00E934E5 /* Q139_WordBreak.swift */ = {isa = PBXFileReference; lastKnownFileType = sourcecode.swift; path = Q139_WordBreak.swift; sourceTree = "<group>"; };
		91DC087523B02E9B00E934E5 /* Q140_WordBreakII.swift */ = {isa = PBXFileReference; lastKnownFileType = sourcecode.swift; path = Q140_WordBreakII.swift; sourceTree = "<group>"; };
		91DC087623B033B500E934E5 /* Q415_AddStrings.swift */ = {isa = PBXFileReference; lastKnownFileType = sourcecode.swift; path = Q415_AddStrings.swift; sourceTree = "<group>"; };
		91DC087723B0356A00E934E5 /* Q986_IntervalIntersect.swift */ = {isa = PBXFileReference; lastKnownFileType = sourcecode.swift; path = Q986_IntervalIntersect.swift; sourceTree = "<group>"; };
		91DC087823B0379100E934E5 /* Q543_DiameterBT.swift */ = {isa = PBXFileReference; lastKnownFileType = sourcecode.swift; path = Q543_DiameterBT.swift; sourceTree = "<group>"; };
		91DC087923B0422800E934E5 /* Q98_ValidateBST.swift */ = {isa = PBXFileReference; lastKnownFileType = sourcecode.swift; path = Q98_ValidateBST.swift; sourceTree = "<group>"; };
		91DC087A23B0465E00E934E5 /* Q71_SimplifyPath.swift */ = {isa = PBXFileReference; lastKnownFileType = sourcecode.swift; path = Q71_SimplifyPath.swift; sourceTree = "<group>"; };
		91DC087B23B046AF00E934E5 /* Q278_FirstBadVersion.swift */ = {isa = PBXFileReference; lastKnownFileType = sourcecode.swift; path = Q278_FirstBadVersion.swift; sourceTree = "<group>"; };
		91FE3D7C23A5F22700849151 /* Q301_RemoveInvalidParentheses.swift */ = {isa = PBXFileReference; lastKnownFileType = sourcecode.swift; path = Q301_RemoveInvalidParentheses.swift; sourceTree = "<group>"; };
		91FE3D7D23A5F62F00849151 /* Q67_AddBinary.swift */ = {isa = PBXFileReference; lastKnownFileType = sourcecode.swift; path = Q67_AddBinary.swift; sourceTree = "<group>"; };
		91FE3D7E23A5F7BD00849151 /* Q1_TwoSum.swift */ = {isa = PBXFileReference; lastKnownFileType = sourcecode.swift; path = Q1_TwoSum.swift; sourceTree = "<group>"; };
/* End PBXFileReference section */

/* Begin PBXGroup section */
		910E74C223A5B4D40036F4E9 = {
			isa = PBXGroup;
			children = (
				91DC085523AC68B100E934E5 /* Q953_VerifyingAlienDictionary.swift */,
				91FE3D7C23A5F22700849151 /* Q301_RemoveInvalidParentheses.swift */,
				910E74CB23A5C4F10036F4E9 /* Q680_ValidPalindromeII.swift */,
				91DC085623AC6F3500E934E5 /* Q238_ProductArrayExceptSelf.swift */,
				91DC085723AC74A000E934E5 /* Q973_KClosestPointsOrigin.swift */,
				91DC085823AC822400E934E5 /* Q560_SubarraySumEqualsK.swift */,
				91FE3D7D23A5F62F00849151 /* Q67_AddBinary.swift */,
				91DC085923ACA2D600E934E5 /* Q1249_MinRmValidParentheses.swift */,
				91DC085A23ACC38900E934E5 /* Q273_IntegerEnglishWords.swift */,
				91DC085D23AD843F00E934E5 /* Q426_BST2SortedDLL.swift */,
				91DC085123A8D66300E934E5 /* Q282_ExpressionAddOperators.swift */,
				91DC086023AD97F000E934E5 /* Q297_SerializeBT.swift */,
				91DC085B23ACCC2B00E934E5 /* Q124_BinaryTreeMaxPathSum.swift */,
				91DC085C23AD6A0600E934E5 /* Q523_ContinuousSubarraySum.swift */,
				910E74CA23A5BF640036F4E9 /* Q125_ValidPalindrome.swift */,
				91DC086723AF18E800E934E5 /* Q438_FindAnagrams.swift */,
				91DC086323ADC33400E934E5 /* Q76_MinWindowSubstring.swift */,
				91DC085423AC5B9100E934E5 /* Q269_AlienDictionary.swift */,
				91DC085323AB6AB400E934E5 /* Q621_TaskScheduler.swift */,
				91DC086823AF2CC700E934E5 /* Q199_BTRightView.swift */,
				917B55EA23A72FD200B9DEBA /* Q23_MergeKSortedLists.swift */,
				91DC086923AF377900E934E5 /* Q211_AddSearchWord.swift */,
				91DC087023AF689F00E934E5 /* Q173_BSTIterator.swift */,
				91DC087123AF6C4B00E934E5 /* Q65_ValidNumber.swift */,
				91DC087223AF70F300E934E5 /* Q636_ExclusiveTimeFunctions.swift */,
				91DC086B23AF47F000E934E5 /* Q340_LongestSubstrKChars.swift */,
				91DC086C23AF4B4B00E934E5 /* Q785_GraphBipartite.swift */,
				91DC087423B02A5D00E934E5 /* Q139_WordBreak.swift */,
				91DC087623B033B500E934E5 /* Q415_AddStrings.swift */,
				91DC087723B0356A00E934E5 /* Q986_IntervalIntersect.swift */,
				91DC087823B0379100E934E5 /* Q543_DiameterBT.swift */,
				91DC087923B0422800E934E5 /* Q98_ValidateBST.swift */,
				91DC087A23B0465E00E934E5 /* Q71_SimplifyPath.swift */,
				91DC087B23B046AF00E934E5 /* Q278_FirstBadVersion.swift */,
				91DC087323AF715000E934E5 /* Others.swift */,
				91DC087523B02E9B00E934E5 /* Q140_WordBreakII.swift */,
				910E74C923A5B5020036F4E9 /* Q15_3Sum.swift */,
				910E74CC23A5C6A20036F4E9 /* Q283_MoveZeroes.swift */,
				91FE3D7E23A5F7BD00849151 /* Q1_TwoSum.swift */,
				917B55E823A7075E00B9DEBA /* Q257_BinaryTreePaths.swift */,
				917B55E923A719F400B9DEBA /* Q17_PhoneNumber.swift */,
				917B55EC23A73F8900B9DEBA /* Q56_MergeIntervals.swift */,
				91DC085023A8D55000E934E5 /* Q200_NumberOfIslands.swift */,
				91DC085223AA02A200E934E5 /* Q78_Subsets.swift */,
				91DC086223ADC22700E934E5 /* CharString.swift */,
				91DC086E23AF635300E934E5 /* BinarySearch.swift */,
				91DC086F23AF636400E934E5 /* Q540_SingleElement.swift */,
				91DC086423AED98F00E934E5 /* LinkedList.swift */,
				917B55EB23A7356400B9DEBA /* Q206_ReverseLinkedList.swift */,
				91DC086523AF0DD700E934E5 /* Q146_LRUCache.swift */,
				91DC086623AF0E8900E934E5 /* Q460_LFUCache.swift */,
				91DC085F23AD91D200E934E5 /* Tree.swift */,
				91DC085E23AD919C00E934E5 /* Q102_BTLevelOrderTraversal.swift */,
				91DC086123ADA1D900E934E5 /* Q428_SerializeNTree.swift */,
				91DC086A23AF3B5E00E934E5 /* Q208_ImplementTrie.swift */,
				91DC086D23AF4B7400E934E5 /* Graph.swift */,
			);
			sourceTree = "<group>";
		};
/* End PBXGroup section */

/* Begin PBXProject section */
		910E74C323A5B4D40036F4E9 /* Project object */ = {
			isa = PBXProject;
			attributes = {
				LastUpgradeCheck = 1130;
			};
			buildConfigurationList = 910E74C623A5B4D40036F4E9 /* Build configuration list for PBXProject "AtlasLoop" */;
			compatibilityVersion = "Xcode 9.3";
			developmentRegion = en;
			hasScannedForEncodings = 0;
			knownRegions = (
				en,
				Base,
			);
			mainGroup = 910E74C223A5B4D40036F4E9;
			projectDirPath = "";
			projectRoot = "";
			targets = (
			);
		};
/* End PBXProject section */

/* Begin XCBuildConfiguration section */
		910E74C723A5B4D40036F4E9 /* Debug */ = {
			isa = XCBuildConfiguration;
			buildSettings = {
				CLANG_WARN_BLOCK_CAPTURE_AUTORELEASING = YES;
				CLANG_WARN_BOOL_CONVERSION = YES;
				CLANG_WARN_COMMA = YES;
				CLANG_WARN_CONSTANT_CONVERSION = YES;
				CLANG_WARN_DEPRECATED_OBJC_IMPLEMENTATIONS = YES;
				CLANG_WARN_EMPTY_BODY = YES;
				CLANG_WARN_ENUM_CONVERSION = YES;
				CLANG_WARN_INFINITE_RECURSION = YES;
				CLANG_WARN_INT_CONVERSION = YES;
				CLANG_WARN_NON_LITERAL_NULL_CONVERSION = YES;
				CLANG_WARN_OBJC_IMPLICIT_RETAIN_SELF = YES;
				CLANG_WARN_OBJC_LITERAL_CONVERSION = YES;
				CLANG_WARN_RANGE_LOOP_ANALYSIS = YES;
				CLANG_WARN_STRICT_PROTOTYPES = YES;
				CLANG_WARN_SUSPICIOUS_MOVE = YES;
				CLANG_WARN_UNREACHABLE_CODE = YES;
				CLANG_WARN__DUPLICATE_METHOD_MATCH = YES;
				ENABLE_STRICT_OBJC_MSGSEND = YES;
				ENABLE_TESTABILITY = YES;
				GCC_NO_COMMON_BLOCKS = YES;
				GCC_WARN_64_TO_32_BIT_CONVERSION = YES;
				GCC_WARN_ABOUT_RETURN_TYPE = YES;
				GCC_WARN_UNDECLARED_SELECTOR = YES;
				GCC_WARN_UNINITIALIZED_AUTOS = YES;
				GCC_WARN_UNUSED_FUNCTION = YES;
				GCC_WARN_UNUSED_VARIABLE = YES;
				ONLY_ACTIVE_ARCH = YES;
			};
			name = Debug;
		};
		910E74C823A5B4D40036F4E9 /* Release */ = {
			isa = XCBuildConfiguration;
			buildSettings = {
				CLANG_WARN_BLOCK_CAPTURE_AUTORELEASING = YES;
				CLANG_WARN_BOOL_CONVERSION = YES;
				CLANG_WARN_COMMA = YES;
				CLANG_WARN_CONSTANT_CONVERSION = YES;
				CLANG_WARN_DEPRECATED_OBJC_IMPLEMENTATIONS = YES;
				CLANG_WARN_EMPTY_BODY = YES;
				CLANG_WARN_ENUM_CONVERSION = YES;
				CLANG_WARN_INFINITE_RECURSION = YES;
				CLANG_WARN_INT_CONVERSION = YES;
				CLANG_WARN_NON_LITERAL_NULL_CONVERSION = YES;
				CLANG_WARN_OBJC_IMPLICIT_RETAIN_SELF = YES;
				CLANG_WARN_OBJC_LITERAL_CONVERSION = YES;
				CLANG_WARN_RANGE_LOOP_ANALYSIS = YES;
				CLANG_WARN_STRICT_PROTOTYPES = YES;
				CLANG_WARN_SUSPICIOUS_MOVE = YES;
				CLANG_WARN_UNREACHABLE_CODE = YES;
				CLANG_WARN__DUPLICATE_METHOD_MATCH = YES;
				ENABLE_STRICT_OBJC_MSGSEND = YES;
				GCC_NO_COMMON_BLOCKS = YES;
				GCC_WARN_64_TO_32_BIT_CONVERSION = YES;
				GCC_WARN_ABOUT_RETURN_TYPE = YES;
				GCC_WARN_UNDECLARED_SELECTOR = YES;
				GCC_WARN_UNINITIALIZED_AUTOS = YES;
				GCC_WARN_UNUSED_FUNCTION = YES;
				GCC_WARN_UNUSED_VARIABLE = YES;
			};
			name = Release;
		};
/* End XCBuildConfiguration section */

/* Begin XCConfigurationList section */
		910E74C623A5B4D40036F4E9 /* Build configuration list for PBXProject "AtlasLoop" */ = {
			isa = XCConfigurationList;
			buildConfigurations = (
				910E74C723A5B4D40036F4E9 /* Debug */,
				910E74C823A5B4D40036F4E9 /* Release */,
			);
			defaultConfigurationIsVisible = 0;
			defaultConfigurationName = Release;
		};
/* End XCConfigurationList section */
	};
	rootObject = 910E74C323A5B4D40036F4E9 /* Project object */;
}
