// !$*UTF8*$!
{
	archiveVersion = 1;
	classes = {
	};
	objectVersion = 50;
	objects = {

/* Begin PBXFileReference section */
		910E74C923A5B5020036F4E9 /* Q15_3Sum.swift */ = {isa = PBXFileReference; lastKnownFileType = sourcecode.swift; path = Q15_3Sum.swift; sourceTree = "<group>"; };
		910E74CA23A5BF640036F4E9 /* Q125_ValidPalindrome.swift */ = {isa = PBXFileReference; lastKnownFileType = sourcecode.swift; path = Q125_ValidPalindrome.swift; sourceTree = "<group>"; };
		910E74CB23A5C4F10036F4E9 /* Q680_ValidPalindromeII.swift */ = {isa = PBXFileReference; lastKnownFileType = sourcecode.swift; path = Q680_ValidPalindromeII.swift; sourceTree = "<group>"; };
		910E74CC23A5C6A20036F4E9 /* Q283_MoveZeroes.swift */ = {isa = PBXFileReference; lastKnownFileType = sourcecode.swift; path = Q283_MoveZeroes.swift; sourceTree = "<group>"; };
		917B55E823A7075E00B9DEBA /* Q257_BinaryTreePaths.swift */ = {isa = PBXFileReference; lastKnownFileType = sourcecode.swift; path = Q257_BinaryTreePaths.swift; sourceTree = "<group>"; };
		917B55E923A719F400B9DEBA /* Q17_PhoneNumber.swift */ = {isa = PBXFileReference; lastKnownFileType = sourcecode.swift; path = Q17_PhoneNumber.swift; sourceTree = "<group>"; };
		917B55EA23A72FD200B9DEBA /* Q23_MergeKSortedLists.swift */ = {isa = PBXFileReference; lastKnownFileType = sourcecode.swift; path = Q23_MergeKSortedLists.swift; sourceTree = "<group>"; };
		917B55EB23A7356400B9DEBA /* Q206_ReverseLinkedList.swift */ = {isa = PBXFileReference; lastKnownFileType = sourcecode.swift; path = Q206_ReverseLinkedList.swift; sourceTree = "<group>"; };
		917B55EC23A73F8900B9DEBA /* Q56_MergeIntervals.swift */ = {isa = PBXFileReference; lastKnownFileType = sourcecode.swift; path = Q56_MergeIntervals.swift; sourceTree = "<group>"; };
		91DC085023A8D55000E934E5 /* Q200_NumberOfIslands.swift */ = {isa = PBXFileReference; lastKnownFileType = sourcecode.swift; path = Q200_NumberOfIslands.swift; sourceTree = "<group>"; };
		91DC085123A8D66300E934E5 /* Q282_ExpressionAddOperators.swift */ = {isa = PBXFileReference; lastKnownFileType = sourcecode.swift; path = Q282_ExpressionAddOperators.swift; sourceTree = "<group>"; };
		91DC085223AA02A200E934E5 /* Q78_Subsets.swift */ = {isa = PBXFileReference; lastKnownFileType = sourcecode.swift; path = Q78_Subsets.swift; sourceTree = "<group>"; };
		91DC085323AB6AB400E934E5 /* Q621_TaskScheduler.swift */ = {isa = PBXFileReference; lastKnownFileType = sourcecode.swift; path = Q621_TaskScheduler.swift; sourceTree = "<group>"; };
		91DC085423AC5B9100E934E5 /* Q269_AlienDictionary.swift */ = {isa = PBXFileReference; lastKnownFileType = sourcecode.swift; path = Q269_AlienDictionary.swift; sourceTree = "<group>"; };
		91DC085523AC68B100E934E5 /* Q953_VerifyingAlienDictionary.swift */ = {isa = PBXFileReference; lastKnownFileType = sourcecode.swift; path = Q953_VerifyingAlienDictionary.swift; sourceTree = "<group>"; };
		91DC085623AC6F3500E934E5 /* Q238_ProductArrayExceptSelf.swift */ = {isa = PBXFileReference; lastKnownFileType = sourcecode.swift; path = Q238_ProductArrayExceptSelf.swift; sourceTree = "<group>"; };
		91DC085723AC74A000E934E5 /* Q973_KClosestPointsOrigin.swift */ = {isa = PBXFileReference; lastKnownFileType = sourcecode.swift; path = Q973_KClosestPointsOrigin.swift; sourceTree = "<group>"; };
		91DC085823AC822400E934E5 /* Q560_SubarraySumEqualsK.swift */ = {isa = PBXFileReference; lastKnownFileType = sourcecode.swift; path = Q560_SubarraySumEqualsK.swift; sourceTree = "<group>"; };
		91DC085923ACA2D600E934E5 /* Q1249_MinRmValidParentheses.swift */ = {isa = PBXFileReference; lastKnownFileType = sourcecode.swift; path = Q1249_MinRmValidParentheses.swift; sourceTree = "<group>"; };
		91DC085A23ACC38900E934E5 /* Q273_IntegerEnglishWords.swift */ = {isa = PBXFileReference; lastKnownFileType = sourcecode.swift; path = Q273_IntegerEnglishWords.swift; sourceTree = "<group>"; };
		91DC085B23ACCC2B00E934E5 /* Q124_BinaryTreeMaxPathSum.swift */ = {isa = PBXFileReference; lastKnownFileType = sourcecode.swift; path = Q124_BinaryTreeMaxPathSum.swift; sourceTree = "<group>"; };
		91DC085C23AD6A0600E934E5 /* Q523_ContinuousSubarraySum.swift */ = {isa = PBXFileReference; lastKnownFileType = sourcecode.swift; path = Q523_ContinuousSubarraySum.swift; sourceTree = "<group>"; };
		91FE3D7C23A5F22700849151 /* Q301_RemoveInvalidParentheses.swift */ = {isa = PBXFileReference; lastKnownFileType = sourcecode.swift; path = Q301_RemoveInvalidParentheses.swift; sourceTree = "<group>"; };
		91FE3D7D23A5F62F00849151 /* Q67_AddBinary.swift */ = {isa = PBXFileReference; lastKnownFileType = sourcecode.swift; path = Q67_AddBinary.swift; sourceTree = "<group>"; };
		91FE3D7E23A5F7BD00849151 /* Q1_TwoSum.swift */ = {isa = PBXFileReference; lastKnownFileType = sourcecode.swift; path = Q1_TwoSum.swift; sourceTree = "<group>"; };
/* End PBXFileReference section */

/* Begin PBXGroup section */
		910E74C223A5B4D40036F4E9 = {
			isa = PBXGroup;
			children = (
				910E74C923A5B5020036F4E9 /* Q15_3Sum.swift */,
				910E74CA23A5BF640036F4E9 /* Q125_ValidPalindrome.swift */,
				910E74CB23A5C4F10036F4E9 /* Q680_ValidPalindromeII.swift */,
				910E74CC23A5C6A20036F4E9 /* Q283_MoveZeroes.swift */,
				91FE3D7C23A5F22700849151 /* Q301_RemoveInvalidParentheses.swift */,
				91FE3D7D23A5F62F00849151 /* Q67_AddBinary.swift */,
				91FE3D7E23A5F7BD00849151 /* Q1_TwoSum.swift */,
				917B55E823A7075E00B9DEBA /* Q257_BinaryTreePaths.swift */,
				917B55E923A719F400B9DEBA /* Q17_PhoneNumber.swift */,
				917B55EA23A72FD200B9DEBA /* Q23_MergeKSortedLists.swift */,
				917B55EB23A7356400B9DEBA /* Q206_ReverseLinkedList.swift */,
				917B55EC23A73F8900B9DEBA /* Q56_MergeIntervals.swift */,
				91DC085023A8D55000E934E5 /* Q200_NumberOfIslands.swift */,
				91DC085123A8D66300E934E5 /* Q282_ExpressionAddOperators.swift */,
				91DC085223AA02A200E934E5 /* Q78_Subsets.swift */,
				91DC085323AB6AB400E934E5 /* Q621_TaskScheduler.swift */,
				91DC085423AC5B9100E934E5 /* Q269_AlienDictionary.swift */,
				91DC085523AC68B100E934E5 /* Q953_VerifyingAlienDictionary.swift */,
				91DC085623AC6F3500E934E5 /* Q238_ProductArrayExceptSelf.swift */,
				91DC085723AC74A000E934E5 /* Q973_KClosestPointsOrigin.swift */,
				91DC085823AC822400E934E5 /* Q560_SubarraySumEqualsK.swift */,
				91DC085923ACA2D600E934E5 /* Q1249_MinRmValidParentheses.swift */,
				91DC085A23ACC38900E934E5 /* Q273_IntegerEnglishWords.swift */,
				91DC085B23ACCC2B00E934E5 /* Q124_BinaryTreeMaxPathSum.swift */,
				91DC085C23AD6A0600E934E5 /* Q523_ContinuousSubarraySum.swift */,
			);
			sourceTree = "<group>";
		};
/* End PBXGroup section */

/* Begin PBXProject section */
		910E74C323A5B4D40036F4E9 /* Project object */ = {
			isa = PBXProject;
			attributes = {
				LastUpgradeCheck = 1130;
			};
			buildConfigurationList = 910E74C623A5B4D40036F4E9 /* Build configuration list for PBXProject "AtlasLoop" */;
			compatibilityVersion = "Xcode 9.3";
			developmentRegion = en;
			hasScannedForEncodings = 0;
			knownRegions = (
				en,
				Base,
			);
			mainGroup = 910E74C223A5B4D40036F4E9;
			projectDirPath = "";
			projectRoot = "";
			targets = (
			);
		};
/* End PBXProject section */

/* Begin XCBuildConfiguration section */
		910E74C723A5B4D40036F4E9 /* Debug */ = {
			isa = XCBuildConfiguration;
			buildSettings = {
				CLANG_WARN_BLOCK_CAPTURE_AUTORELEASING = YES;
				CLANG_WARN_BOOL_CONVERSION = YES;
				CLANG_WARN_COMMA = YES;
				CLANG_WARN_CONSTANT_CONVERSION = YES;
				CLANG_WARN_DEPRECATED_OBJC_IMPLEMENTATIONS = YES;
				CLANG_WARN_EMPTY_BODY = YES;
				CLANG_WARN_ENUM_CONVERSION = YES;
				CLANG_WARN_INFINITE_RECURSION = YES;
				CLANG_WARN_INT_CONVERSION = YES;
				CLANG_WARN_NON_LITERAL_NULL_CONVERSION = YES;
				CLANG_WARN_OBJC_IMPLICIT_RETAIN_SELF = YES;
				CLANG_WARN_OBJC_LITERAL_CONVERSION = YES;
				CLANG_WARN_RANGE_LOOP_ANALYSIS = YES;
				CLANG_WARN_STRICT_PROTOTYPES = YES;
				CLANG_WARN_SUSPICIOUS_MOVE = YES;
				CLANG_WARN_UNREACHABLE_CODE = YES;
				CLANG_WARN__DUPLICATE_METHOD_MATCH = YES;
				ENABLE_STRICT_OBJC_MSGSEND = YES;
				ENABLE_TESTABILITY = YES;
				GCC_NO_COMMON_BLOCKS = YES;
				GCC_WARN_64_TO_32_BIT_CONVERSION = YES;
				GCC_WARN_ABOUT_RETURN_TYPE = YES;
				GCC_WARN_UNDECLARED_SELECTOR = YES;
				GCC_WARN_UNINITIALIZED_AUTOS = YES;
				GCC_WARN_UNUSED_FUNCTION = YES;
				GCC_WARN_UNUSED_VARIABLE = YES;
				ONLY_ACTIVE_ARCH = YES;
			};
			name = Debug;
		};
		910E74C823A5B4D40036F4E9 /* Release */ = {
			isa = XCBuildConfiguration;
			buildSettings = {
				CLANG_WARN_BLOCK_CAPTURE_AUTORELEASING = YES;
				CLANG_WARN_BOOL_CONVERSION = YES;
				CLANG_WARN_COMMA = YES;
				CLANG_WARN_CONSTANT_CONVERSION = YES;
				CLANG_WARN_DEPRECATED_OBJC_IMPLEMENTATIONS = YES;
				CLANG_WARN_EMPTY_BODY = YES;
				CLANG_WARN_ENUM_CONVERSION = YES;
				CLANG_WARN_INFINITE_RECURSION = YES;
				CLANG_WARN_INT_CONVERSION = YES;
				CLANG_WARN_NON_LITERAL_NULL_CONVERSION = YES;
				CLANG_WARN_OBJC_IMPLICIT_RETAIN_SELF = YES;
				CLANG_WARN_OBJC_LITERAL_CONVERSION = YES;
				CLANG_WARN_RANGE_LOOP_ANALYSIS = YES;
				CLANG_WARN_STRICT_PROTOTYPES = YES;
				CLANG_WARN_SUSPICIOUS_MOVE = YES;
				CLANG_WARN_UNREACHABLE_CODE = YES;
				CLANG_WARN__DUPLICATE_METHOD_MATCH = YES;
				ENABLE_STRICT_OBJC_MSGSEND = YES;
				GCC_NO_COMMON_BLOCKS = YES;
				GCC_WARN_64_TO_32_BIT_CONVERSION = YES;
				GCC_WARN_ABOUT_RETURN_TYPE = YES;
				GCC_WARN_UNDECLARED_SELECTOR = YES;
				GCC_WARN_UNINITIALIZED_AUTOS = YES;
				GCC_WARN_UNUSED_FUNCTION = YES;
				GCC_WARN_UNUSED_VARIABLE = YES;
			};
			name = Release;
		};
/* End XCBuildConfiguration section */

/* Begin XCConfigurationList section */
		910E74C623A5B4D40036F4E9 /* Build configuration list for PBXProject "AtlasLoop" */ = {
			isa = XCConfigurationList;
			buildConfigurations = (
				910E74C723A5B4D40036F4E9 /* Debug */,
				910E74C823A5B4D40036F4E9 /* Release */,
			);
			defaultConfigurationIsVisible = 0;
			defaultConfigurationName = Release;
		};
/* End XCConfigurationList section */
	};
	rootObject = 910E74C323A5B4D40036F4E9 /* Project object */;
}
