// !$*UTF8*$!
{
	archiveVersion = 1;
	classes = {
	};
	objectVersion = 50;
	objects = {

/* Begin PBXFileReference section */
		910E74C923A5B5020036F4E9 /* Q15_3Sum.swift */ = {isa = PBXFileReference; lastKnownFileType = sourcecode.swift; path = Q15_3Sum.swift; sourceTree = "<group>"; };
		910E74CA23A5BF640036F4E9 /* Q125_ValidPalindrome.swift */ = {isa = PBXFileReference; lastKnownFileType = sourcecode.swift; path = Q125_ValidPalindrome.swift; sourceTree = "<group>"; };
		910E74CB23A5C4F10036F4E9 /* Q680_ValidPalindromeII.swift */ = {isa = PBXFileReference; lastKnownFileType = sourcecode.swift; path = Q680_ValidPalindromeII.swift; sourceTree = "<group>"; };
		910E74CC23A5C6A20036F4E9 /* Q283_MoveZeroes.swift */ = {isa = PBXFileReference; lastKnownFileType = sourcecode.swift; path = Q283_MoveZeroes.swift; sourceTree = "<group>"; };
		9142E31523C7267800180B72 /* 1007_MinDominoRotation.swift */ = {isa = PBXFileReference; lastKnownFileType = sourcecode.swift; path = 1007_MinDominoRotation.swift; sourceTree = "<group>"; };
		9142E31623C7BE9F00180B72 /* Q529_Minesweeper.swift */ = {isa = PBXFileReference; lastKnownFileType = sourcecode.swift; path = Q529_Minesweeper.swift; sourceTree = "<group>"; };
		9142E31723C7C35100180B72 /* Q452_MinArrowsBurstBalloons.swift */ = {isa = PBXFileReference; lastKnownFileType = sourcecode.swift; path = Q452_MinArrowsBurstBalloons.swift; sourceTree = "<group>"; };
		9142E31823CBFA7500180B72 /* Q1192_CriticalConnections.swift */ = {isa = PBXFileReference; lastKnownFileType = sourcecode.swift; path = Q1192_CriticalConnections.swift; sourceTree = "<group>"; };
		9142E31923CC1BE900180B72 /* Q937_ReorderDataLogs.swift */ = {isa = PBXFileReference; lastKnownFileType = sourcecode.swift; path = Q937_ReorderDataLogs.swift; sourceTree = "<group>"; };
		9142E31A23CC1E4F00180B72 /* Q5_LongestPalindromicSubstr.swift */ = {isa = PBXFileReference; lastKnownFileType = sourcecode.swift; path = Q5_LongestPalindromicSubstr.swift; sourceTree = "<group>"; };
		9142E31B23CC211100180B72 /* Q240_Search2DMatrixII.swift */ = {isa = PBXFileReference; lastKnownFileType = sourcecode.swift; path = Q240_Search2DMatrixII.swift; sourceTree = "<group>"; };
		917B55E823A7075E00B9DEBA /* Q257_BinaryTreePaths.swift */ = {isa = PBXFileReference; lastKnownFileType = sourcecode.swift; path = Q257_BinaryTreePaths.swift; sourceTree = "<group>"; };
		917B55E923A719F400B9DEBA /* Q17_PhoneNumber.swift */ = {isa = PBXFileReference; lastKnownFileType = sourcecode.swift; path = Q17_PhoneNumber.swift; sourceTree = "<group>"; };
		917B55EA23A72FD200B9DEBA /* Q23_MergeKSortedLists.swift */ = {isa = PBXFileReference; lastKnownFileType = sourcecode.swift; path = Q23_MergeKSortedLists.swift; sourceTree = "<group>"; };
		917B55EB23A7356400B9DEBA /* Q206_ReverseLinkedList.swift */ = {isa = PBXFileReference; lastKnownFileType = sourcecode.swift; path = Q206_ReverseLinkedList.swift; sourceTree = "<group>"; };
		917B55EC23A73F8900B9DEBA /* Q56_MergeIntervals.swift */ = {isa = PBXFileReference; lastKnownFileType = sourcecode.swift; path = Q56_MergeIntervals.swift; sourceTree = "<group>"; };
		91BE74B823BE934C008CB421 /* Q568_MaxVacationDays.swift */ = {isa = PBXFileReference; lastKnownFileType = sourcecode.swift; path = Q568_MaxVacationDays.swift; sourceTree = "<group>"; };
		91BE74B923C03213008CB421 /* Q328_OddEvenLL.swift */ = {isa = PBXFileReference; lastKnownFileType = sourcecode.swift; path = Q328_OddEvenLL.swift; sourceTree = "<group>"; };
		91BE74BA23C06611008CB421 /* Q691_StickersSpellWord.swift */ = {isa = PBXFileReference; lastKnownFileType = sourcecode.swift; path = Q691_StickersSpellWord.swift; sourceTree = "<group>"; };
		91BE74BB23C06FAC008CB421 /* Q339_NestedListWeightSum.swift */ = {isa = PBXFileReference; lastKnownFileType = sourcecode.swift; path = Q339_NestedListWeightSum.swift; sourceTree = "<group>"; };
		91BE74BC23C079BE008CB421 /* Q405_Num2Hex.swift */ = {isa = PBXFileReference; lastKnownFileType = sourcecode.swift; path = Q405_Num2Hex.swift; sourceTree = "<group>"; };
		91BE74BD23C09F51008CB421 /* Q249_GroupShiftedStrings.swift */ = {isa = PBXFileReference; lastKnownFileType = sourcecode.swift; path = Q249_GroupShiftedStrings.swift; sourceTree = "<group>"; };
		91BE74BE23C11CDF008CB421 /* Q701_InsertBST.swift */ = {isa = PBXFileReference; lastKnownFileType = sourcecode.swift; path = Q701_InsertBST.swift; sourceTree = "<group>"; };
		91BE74BF23C123B9008CB421 /* Q450_DeleteBST.swift */ = {isa = PBXFileReference; lastKnownFileType = sourcecode.swift; path = Q450_DeleteBST.swift; sourceTree = "<group>"; };
		91BE74C023C12D55008CB421 /* Q969_PancakeSorting.swift */ = {isa = PBXFileReference; lastKnownFileType = sourcecode.swift; path = Q969_PancakeSorting.swift; sourceTree = "<group>"; };
		91BE74C123C12EEB008CB421 /* Q637_AvgLevelsBT.swift */ = {isa = PBXFileReference; lastKnownFileType = sourcecode.swift; path = Q637_AvgLevelsBT.swift; sourceTree = "<group>"; };
		91BE74C223C13159008CB421 /* Q766_ToeplitzMatrix.swift */ = {isa = PBXFileReference; lastKnownFileType = sourcecode.swift; path = Q766_ToeplitzMatrix.swift; sourceTree = "<group>"; };
		91BE74C323C14E15008CB421 /* Q494_TargetSum.swift */ = {isa = PBXFileReference; lastKnownFileType = sourcecode.swift; path = Q494_TargetSum.swift; sourceTree = "<group>"; };
		91BE74C423C15260008CB421 /* Q325_MaxSubarraySumK.swift */ = {isa = PBXFileReference; lastKnownFileType = sourcecode.swift; path = Q325_MaxSubarraySumK.swift; sourceTree = "<group>"; };
		91BE74C523C1563D008CB421 /* Q230_KthSmallestBST.swift */ = {isa = PBXFileReference; lastKnownFileType = sourcecode.swift; path = Q230_KthSmallestBST.swift; sourceTree = "<group>"; };
		91BE74C623C15E7C008CB421 /* Q703_KLargestStream.swift */ = {isa = PBXFileReference; lastKnownFileType = sourcecode.swift; path = Q703_KLargestStream.swift; sourceTree = "<group>"; };
		91BE74C723C1962B008CB421 /* 37_SudokuSolver.swift */ = {isa = PBXFileReference; lastKnownFileType = sourcecode.swift; path = 37_SudokuSolver.swift; sourceTree = "<group>"; };
		91BE74C823C1D377008CB421 /* Q51_NQueens.swift */ = {isa = PBXFileReference; lastKnownFileType = sourcecode.swift; path = Q51_NQueens.swift; sourceTree = "<group>"; };
		91D0542623D0081D0017BED0 /* Q418_SentenceScreenFitting.swift */ = {isa = PBXFileReference; lastKnownFileType = sourcecode.swift; path = Q418_SentenceScreenFitting.swift; sourceTree = "<group>"; };
		91D0542723D014430017BED0 /* Q68_TextJustification.swift */ = {isa = PBXFileReference; lastKnownFileType = sourcecode.swift; path = Q68_TextJustification.swift; sourceTree = "<group>"; };
		91DC085023A8D55000E934E5 /* Q200_NumberOfIslands.swift */ = {isa = PBXFileReference; lastKnownFileType = sourcecode.swift; path = Q200_NumberOfIslands.swift; sourceTree = "<group>"; };
		91DC085123A8D66300E934E5 /* Q282_ExpressionAddOperators.swift */ = {isa = PBXFileReference; lastKnownFileType = sourcecode.swift; path = Q282_ExpressionAddOperators.swift; sourceTree = "<group>"; };
		91DC085223AA02A200E934E5 /* Q78_Subsets.swift */ = {isa = PBXFileReference; lastKnownFileType = sourcecode.swift; path = Q78_Subsets.swift; sourceTree = "<group>"; };
		91DC085323AB6AB400E934E5 /* Q621_TaskScheduler.swift */ = {isa = PBXFileReference; lastKnownFileType = sourcecode.swift; path = Q621_TaskScheduler.swift; sourceTree = "<group>"; };
		91DC085423AC5B9100E934E5 /* Q269_AlienDictionary.swift */ = {isa = PBXFileReference; lastKnownFileType = sourcecode.swift; path = Q269_AlienDictionary.swift; sourceTree = "<group>"; };
		91DC085523AC68B100E934E5 /* Q953_VerifyingAlienDictionary.swift */ = {isa = PBXFileReference; lastKnownFileType = sourcecode.swift; path = Q953_VerifyingAlienDictionary.swift; sourceTree = "<group>"; };
		91DC085623AC6F3500E934E5 /* Q238_ProductArrayExceptSelf.swift */ = {isa = PBXFileReference; lastKnownFileType = sourcecode.swift; path = Q238_ProductArrayExceptSelf.swift; sourceTree = "<group>"; };
		91DC085723AC74A000E934E5 /* Q973_KClosestPointsOrigin.swift */ = {isa = PBXFileReference; lastKnownFileType = sourcecode.swift; path = Q973_KClosestPointsOrigin.swift; sourceTree = "<group>"; };
		91DC085823AC822400E934E5 /* Q560_SubarraySumEqualsK.swift */ = {isa = PBXFileReference; lastKnownFileType = sourcecode.swift; path = Q560_SubarraySumEqualsK.swift; sourceTree = "<group>"; };
		91DC085923ACA2D600E934E5 /* Q1249_MinRmValidParentheses.swift */ = {isa = PBXFileReference; lastKnownFileType = sourcecode.swift; path = Q1249_MinRmValidParentheses.swift; sourceTree = "<group>"; };
		91DC085A23ACC38900E934E5 /* Q273_IntegerEnglishWords.swift */ = {isa = PBXFileReference; lastKnownFileType = sourcecode.swift; path = Q273_IntegerEnglishWords.swift; sourceTree = "<group>"; };
		91DC085B23ACCC2B00E934E5 /* Q124_BinaryTreeMaxPathSum.swift */ = {isa = PBXFileReference; lastKnownFileType = sourcecode.swift; path = Q124_BinaryTreeMaxPathSum.swift; sourceTree = "<group>"; };
		91DC085C23AD6A0600E934E5 /* Q523_ContinuousSubarraySum.swift */ = {isa = PBXFileReference; lastKnownFileType = sourcecode.swift; path = Q523_ContinuousSubarraySum.swift; sourceTree = "<group>"; };
		91DC085D23AD843F00E934E5 /* Q426_BST2SortedDLL.swift */ = {isa = PBXFileReference; lastKnownFileType = sourcecode.swift; path = Q426_BST2SortedDLL.swift; sourceTree = "<group>"; };
		91DC085E23AD919C00E934E5 /* Q102_BTLevelOrderTraversal.swift */ = {isa = PBXFileReference; lastKnownFileType = sourcecode.swift; path = Q102_BTLevelOrderTraversal.swift; sourceTree = "<group>"; };
		91DC085F23AD91D200E934E5 /* Tree.swift */ = {isa = PBXFileReference; lastKnownFileType = sourcecode.swift; path = Tree.swift; sourceTree = "<group>"; };
		91DC086023AD97F000E934E5 /* Q297_SerializeBT.swift */ = {isa = PBXFileReference; lastKnownFileType = sourcecode.swift; path = Q297_SerializeBT.swift; sourceTree = "<group>"; };
		91DC086123ADA1D900E934E5 /* Q428_SerializeNTree.swift */ = {isa = PBXFileReference; lastKnownFileType = sourcecode.swift; path = Q428_SerializeNTree.swift; sourceTree = "<group>"; };
		91DC086223ADC22700E934E5 /* CharString.swift */ = {isa = PBXFileReference; lastKnownFileType = sourcecode.swift; path = CharString.swift; sourceTree = "<group>"; };
		91DC086323ADC33400E934E5 /* Q76_MinWindowSubstring.swift */ = {isa = PBXFileReference; lastKnownFileType = sourcecode.swift; path = Q76_MinWindowSubstring.swift; sourceTree = "<group>"; };
		91DC086423AED98F00E934E5 /* LinkedList.swift */ = {isa = PBXFileReference; lastKnownFileType = sourcecode.swift; path = LinkedList.swift; sourceTree = "<group>"; };
		91DC086523AF0DD700E934E5 /* Q146_LRUCache.swift */ = {isa = PBXFileReference; lastKnownFileType = sourcecode.swift; path = Q146_LRUCache.swift; sourceTree = "<group>"; };
		91DC086623AF0E8900E934E5 /* Q460_LFUCache.swift */ = {isa = PBXFileReference; lastKnownFileType = sourcecode.swift; path = Q460_LFUCache.swift; sourceTree = "<group>"; };
		91DC086723AF18E800E934E5 /* Q438_FindAnagrams.swift */ = {isa = PBXFileReference; lastKnownFileType = sourcecode.swift; path = Q438_FindAnagrams.swift; sourceTree = "<group>"; };
		91DC086823AF2CC700E934E5 /* Q199_BTRightView.swift */ = {isa = PBXFileReference; lastKnownFileType = sourcecode.swift; path = Q199_BTRightView.swift; sourceTree = "<group>"; };
		91DC086923AF377900E934E5 /* Q211_AddSearchWord.swift */ = {isa = PBXFileReference; lastKnownFileType = sourcecode.swift; path = Q211_AddSearchWord.swift; sourceTree = "<group>"; };
		91DC086A23AF3B5E00E934E5 /* Q208_ImplementTrie.swift */ = {isa = PBXFileReference; lastKnownFileType = sourcecode.swift; path = Q208_ImplementTrie.swift; sourceTree = "<group>"; };
		91DC086B23AF47F000E934E5 /* Q340_LongestSubstrKChars.swift */ = {isa = PBXFileReference; lastKnownFileType = sourcecode.swift; path = Q340_LongestSubstrKChars.swift; sourceTree = "<group>"; };
		91DC086C23AF4B4B00E934E5 /* Q785_GraphBipartite.swift */ = {isa = PBXFileReference; lastKnownFileType = sourcecode.swift; path = Q785_GraphBipartite.swift; sourceTree = "<group>"; };
		91DC086D23AF4B7400E934E5 /* Graph.swift */ = {isa = PBXFileReference; lastKnownFileType = sourcecode.swift; path = Graph.swift; sourceTree = "<group>"; };
		91DC086E23AF635300E934E5 /* BinarySearch.swift */ = {isa = PBXFileReference; lastKnownFileType = sourcecode.swift; path = BinarySearch.swift; sourceTree = "<group>"; };
		91DC086F23AF636400E934E5 /* Q540_SingleElement.swift */ = {isa = PBXFileReference; lastKnownFileType = sourcecode.swift; path = Q540_SingleElement.swift; sourceTree = "<group>"; };
		91DC087023AF689F00E934E5 /* Q173_BSTIterator.swift */ = {isa = PBXFileReference; lastKnownFileType = sourcecode.swift; path = Q173_BSTIterator.swift; sourceTree = "<group>"; };
		91DC087123AF6C4B00E934E5 /* Q65_ValidNumber.swift */ = {isa = PBXFileReference; lastKnownFileType = sourcecode.swift; path = Q65_ValidNumber.swift; sourceTree = "<group>"; };
		91DC087223AF70F300E934E5 /* Q636_ExclusiveTimeFunctions.swift */ = {isa = PBXFileReference; lastKnownFileType = sourcecode.swift; path = Q636_ExclusiveTimeFunctions.swift; sourceTree = "<group>"; };
		91DC087323AF715000E934E5 /* Others.swift */ = {isa = PBXFileReference; lastKnownFileType = sourcecode.swift; path = Others.swift; sourceTree = "<group>"; };
		91DC087423B02A5D00E934E5 /* Q139_WordBreak.swift */ = {isa = PBXFileReference; lastKnownFileType = sourcecode.swift; path = Q139_WordBreak.swift; sourceTree = "<group>"; };
		91DC087523B02E9B00E934E5 /* Q140_WordBreakII.swift */ = {isa = PBXFileReference; lastKnownFileType = sourcecode.swift; path = Q140_WordBreakII.swift; sourceTree = "<group>"; };
		91DC087623B033B500E934E5 /* Q415_AddStrings.swift */ = {isa = PBXFileReference; lastKnownFileType = sourcecode.swift; path = Q415_AddStrings.swift; sourceTree = "<group>"; };
		91DC087723B0356A00E934E5 /* Q986_IntervalIntersect.swift */ = {isa = PBXFileReference; lastKnownFileType = sourcecode.swift; path = Q986_IntervalIntersect.swift; sourceTree = "<group>"; };
		91DC087823B0379100E934E5 /* Q543_DiameterBT.swift */ = {isa = PBXFileReference; lastKnownFileType = sourcecode.swift; path = Q543_DiameterBT.swift; sourceTree = "<group>"; };
		91DC087923B0422800E934E5 /* Q98_ValidateBST.swift */ = {isa = PBXFileReference; lastKnownFileType = sourcecode.swift; path = Q98_ValidateBST.swift; sourceTree = "<group>"; };
		91DC087A23B0465E00E934E5 /* Q71_SimplifyPath.swift */ = {isa = PBXFileReference; lastKnownFileType = sourcecode.swift; path = Q71_SimplifyPath.swift; sourceTree = "<group>"; };
		91DC087B23B046AF00E934E5 /* Q278_FirstBadVersion.swift */ = {isa = PBXFileReference; lastKnownFileType = sourcecode.swift; path = Q278_FirstBadVersion.swift; sourceTree = "<group>"; };
		91DC087C23B0ACA600E934E5 /* Q253_MeetingRoomsII.swift */ = {isa = PBXFileReference; lastKnownFileType = sourcecode.swift; path = Q253_MeetingRoomsII.swift; sourceTree = "<group>"; };
		91DC087D23B0AFA800E934E5 /* Q34_FirstLastPosition.swift */ = {isa = PBXFileReference; lastKnownFileType = sourcecode.swift; path = Q34_FirstLastPosition.swift; sourceTree = "<group>"; };
		91DC087E23B1879F00E934E5 /* Q304_RangeSumQuery.swift */ = {isa = PBXFileReference; lastKnownFileType = sourcecode.swift; path = Q304_RangeSumQuery.swift; sourceTree = "<group>"; };
		91DC087F23B18D4300E934E5 /* Q349_IntersectionTwoArrs.swift */ = {isa = PBXFileReference; lastKnownFileType = sourcecode.swift; path = Q349_IntersectionTwoArrs.swift; sourceTree = "<group>"; };
		91DC088023B1905100E934E5 /* Q350_IntersectionTwoArrsII.swift */ = {isa = PBXFileReference; lastKnownFileType = sourcecode.swift; path = Q350_IntersectionTwoArrsII.swift; sourceTree = "<group>"; };
		91DC088123B1A1A600E934E5 /* Q31_NextPermutation.swift */ = {isa = PBXFileReference; lastKnownFileType = sourcecode.swift; path = Q31_NextPermutation.swift; sourceTree = "<group>"; };
		91DC088223B1F75100E934E5 /* Q987_VerticalOrderTraversal.swift */ = {isa = PBXFileReference; lastKnownFileType = sourcecode.swift; path = Q987_VerticalOrderTraversal.swift; sourceTree = "<group>"; };
		91DC088323B2E18500E934E5 /* Q133_CloneGraph.swift */ = {isa = PBXFileReference; lastKnownFileType = sourcecode.swift; path = Q133_CloneGraph.swift; sourceTree = "<group>"; };
		91DC088423B3595D00E934E5 /* Q721_AccountsMerge.swift */ = {isa = PBXFileReference; lastKnownFileType = sourcecode.swift; path = Q721_AccountsMerge.swift; sourceTree = "<group>"; };
		91DC088523B42BF800E934E5 /* Q689_MaxSum3Subarrs.swift */ = {isa = PBXFileReference; lastKnownFileType = sourcecode.swift; path = Q689_MaxSum3Subarrs.swift; sourceTree = "<group>"; };
		91DC088623B44B4E00E934E5 /* Q825_FriendsAges.swift */ = {isa = PBXFileReference; lastKnownFileType = sourcecode.swift; path = Q825_FriendsAges.swift; sourceTree = "<group>"; };
		91DC088723B4653E00E934E5 /* Q215_KthLargestElement.swift */ = {isa = PBXFileReference; lastKnownFileType = sourcecode.swift; path = Q215_KthLargestElement.swift; sourceTree = "<group>"; };
		91DC088823B4733700E934E5 /* Q824_GoatLatin.swift */ = {isa = PBXFileReference; lastKnownFileType = sourcecode.swift; path = Q824_GoatLatin.swift; sourceTree = "<group>"; };
		91DC088923B4893200E934E5 /* Q270_ClosestBSTValue.swift */ = {isa = PBXFileReference; lastKnownFileType = sourcecode.swift; path = Q270_ClosestBSTValue.swift; sourceTree = "<group>"; };
		91DC088A23B48ADE00E934E5 /* Q896_MonotonicArray.swift */ = {isa = PBXFileReference; lastKnownFileType = sourcecode.swift; path = Q896_MonotonicArray.swift; sourceTree = "<group>"; };
		91DC088B23B499AD00E934E5 /* Q863_AllNodesDistanceK.swift */ = {isa = PBXFileReference; lastKnownFileType = sourcecode.swift; path = Q863_AllNodesDistanceK.swift; sourceTree = "<group>"; };
		91DC088C23B4AD1900E934E5 /* Q398_RandomPickIndex.swift */ = {isa = PBXFileReference; lastKnownFileType = sourcecode.swift; path = Q398_RandomPickIndex.swift; sourceTree = "<group>"; };
		91DC088D23B4ADB000E934E5 /* Q247_StrobogrammaticII.swift */ = {isa = PBXFileReference; lastKnownFileType = sourcecode.swift; path = Q247_StrobogrammaticII.swift; sourceTree = "<group>"; };
		91DC088E23B4B65F00E934E5 /* Q246_Strobogrammatic.swift */ = {isa = PBXFileReference; lastKnownFileType = sourcecode.swift; path = Q246_Strobogrammatic.swift; sourceTree = "<group>"; };
		91DC088F23B4B96300E934E5 /* Q1004_MaxConsecutiveOnesIII.swift */ = {isa = PBXFileReference; lastKnownFileType = sourcecode.swift; path = Q1004_MaxConsecutiveOnesIII.swift; sourceTree = "<group>"; };
		91DC089023B4BA5C00E934E5 /* Q485_MaxConsecutiveOnes.swift */ = {isa = PBXFileReference; lastKnownFileType = sourcecode.swift; path = Q485_MaxConsecutiveOnes.swift; sourceTree = "<group>"; };
		91DC089123B4BC9D00E934E5 /* Q487_MaxConsecutiveOnesII.swift */ = {isa = PBXFileReference; lastKnownFileType = sourcecode.swift; path = Q487_MaxConsecutiveOnesII.swift; sourceTree = "<group>"; };
		91DC089223B4BFED00E934E5 /* Q33_SearchRotatedSortedArr.swift */ = {isa = PBXFileReference; lastKnownFileType = sourcecode.swift; path = Q33_SearchRotatedSortedArr.swift; sourceTree = "<group>"; };
		91DC089323B5581900E934E5 /* Q209_MinSizeSubarrSum.swift */ = {isa = PBXFileReference; lastKnownFileType = sourcecode.swift; path = Q209_MinSizeSubarrSum.swift; sourceTree = "<group>"; };
		91DC089423B570CA00E934E5 /* Q1234_ReplaceForBalancedString.swift */ = {isa = PBXFileReference; lastKnownFileType = sourcecode.swift; path = Q1234_ReplaceForBalancedString.swift; sourceTree = "<group>"; };
		91DC089523B5761E00E934E5 /* Q992_SubarrayKIntegers.swift */ = {isa = PBXFileReference; lastKnownFileType = sourcecode.swift; path = Q992_SubarrayKIntegers.swift; sourceTree = "<group>"; };
		91DC089623B576A300E934E5 /* Q1248_CountNiceSubarrays.swift */ = {isa = PBXFileReference; lastKnownFileType = sourcecode.swift; path = Q1248_CountNiceSubarrays.swift; sourceTree = "<group>"; };
		91DC089723B577B500E934E5 /* SlidingWindow.swift */ = {isa = PBXFileReference; lastKnownFileType = sourcecode.swift; path = SlidingWindow.swift; sourceTree = "<group>"; };
		91DC089823B6038800E934E5 /* Q1027_LongestArithmeticSeq.swift */ = {isa = PBXFileReference; lastKnownFileType = sourcecode.swift; path = Q1027_LongestArithmeticSeq.swift; sourceTree = "<group>"; };
		91DC089923B6D76D00E934E5 /* Q767_ReorganizeString.swift */ = {isa = PBXFileReference; lastKnownFileType = sourcecode.swift; path = Q767_ReorganizeString.swift; sourceTree = "<group>"; };
		91DC089A23B6DBA600E934E5 /* Q314_BTVerticalOrderTraversal.swift */ = {isa = PBXFileReference; lastKnownFileType = sourcecode.swift; path = Q314_BTVerticalOrderTraversal.swift; sourceTree = "<group>"; };
		91DC089B23B6E61F00E934E5 /* Q143_ReorderList.swift */ = {isa = PBXFileReference; lastKnownFileType = sourcecode.swift; path = Q143_ReorderList.swift; sourceTree = "<group>"; };
		91DC089C23B6E86700E934E5 /* Q88_MergeSortedArray.swift */ = {isa = PBXFileReference; lastKnownFileType = sourcecode.swift; path = Q88_MergeSortedArray.swift; sourceTree = "<group>"; };
		91DC089D23B6EA4300E934E5 /* Q319_BulbSwitcher.swift */ = {isa = PBXFileReference; lastKnownFileType = sourcecode.swift; path = Q319_BulbSwitcher.swift; sourceTree = "<group>"; };
		91DC089E23B7088B00E934E5 /* Q1197_MinKnightMoves.swift */ = {isa = PBXFileReference; lastKnownFileType = sourcecode.swift; path = Q1197_MinKnightMoves.swift; sourceTree = "<group>"; };
		91DC08A023B70EC400E934E5 /* Q708_InsertSortedCLL.swift */ = {isa = PBXFileReference; lastKnownFileType = sourcecode.swift; path = Q708_InsertSortedCLL.swift; sourceTree = "<group>"; };
		91DC08A123B70F7900E934E5 /* Q416_PartitionSubsetSum.swift */ = {isa = PBXFileReference; lastKnownFileType = sourcecode.swift; path = Q416_PartitionSubsetSum.swift; sourceTree = "<group>"; };
		91DC08A223B72FB200E934E5 /* Q958_CompletenessBT.swift */ = {isa = PBXFileReference; lastKnownFileType = sourcecode.swift; path = Q958_CompletenessBT.swift; sourceTree = "<group>"; };
		91DC08A323B733CB00E934E5 /* Q161_OneEditDistance.swift */ = {isa = PBXFileReference; lastKnownFileType = sourcecode.swift; path = Q161_OneEditDistance.swift; sourceTree = "<group>"; };
		91DC08A423B7357700E934E5 /* Q1094_CarPooling.swift */ = {isa = PBXFileReference; lastKnownFileType = sourcecode.swift; path = Q1094_CarPooling.swift; sourceTree = "<group>"; };
		91DC08A523B73BFD00E934E5 /* Q1143_LongestCommonSubseq.swift */ = {isa = PBXFileReference; lastKnownFileType = sourcecode.swift; path = Q1143_LongestCommonSubseq.swift; sourceTree = "<group>"; };
		91DC08A623B74B2D00E934E5 /* Q516_LongestPalindromicSubseq.swift */ = {isa = PBXFileReference; lastKnownFileType = sourcecode.swift; path = Q516_LongestPalindromicSubseq.swift; sourceTree = "<group>"; };
		91DC08A723B74B5E00E934E5 /* Q1216_ValidPalindromeIII.swift */ = {isa = PBXFileReference; lastKnownFileType = sourcecode.swift; path = Q1216_ValidPalindromeIII.swift; sourceTree = "<group>"; };
		91DC08A823B74F7900E934E5 /* Q53_MaximumSubarray.swift */ = {isa = PBXFileReference; lastKnownFileType = sourcecode.swift; path = Q53_MaximumSubarray.swift; sourceTree = "<group>"; };
		91DC08A923B7568000E934E5 /* Q43_MultiplyStrings.swift */ = {isa = PBXFileReference; lastKnownFileType = sourcecode.swift; path = Q43_MultiplyStrings.swift; sourceTree = "<group>"; };
		91DC08AA23B7591E00E934E5 /* Q42_TrappingRainWater.swift */ = {isa = PBXFileReference; lastKnownFileType = sourcecode.swift; path = Q42_TrappingRainWater.swift; sourceTree = "<group>"; };
		91DC08AB23B75CB000E934E5 /* Q29_DivideIntegers.swift */ = {isa = PBXFileReference; lastKnownFileType = sourcecode.swift; path = Q29_DivideIntegers.swift; sourceTree = "<group>"; };
		91DC08AC23B75D1400E934E5 /* Q126_WordLadderII.swift */ = {isa = PBXFileReference; lastKnownFileType = sourcecode.swift; path = Q126_WordLadderII.swift; sourceTree = "<group>"; };
		91DC08AD23B85D2700E934E5 /* Q127_WordLadder.swift */ = {isa = PBXFileReference; lastKnownFileType = sourcecode.swift; path = Q127_WordLadder.swift; sourceTree = "<group>"; };
		91DC08AE23B8785000E934E5 /* Q380_InsertDeleteRandom.swift */ = {isa = PBXFileReference; lastKnownFileType = sourcecode.swift; path = Q380_InsertDeleteRandom.swift; sourceTree = "<group>"; };
		91DC08AF23B8844600E934E5 /* Q528_RandomPickWeight.swift */ = {isa = PBXFileReference; lastKnownFileType = sourcecode.swift; path = Q528_RandomPickWeight.swift; sourceTree = "<group>"; };
		91DC08B023B89FDA00E934E5 /* Q32_LongestParentheses.swift */ = {isa = PBXFileReference; lastKnownFileType = sourcecode.swift; path = Q32_LongestParentheses.swift; sourceTree = "<group>"; };
		91DC08B123B8B2E900E934E5 /* Q489_RobotRoomCleaner.swift */ = {isa = PBXFileReference; lastKnownFileType = sourcecode.swift; path = Q489_RobotRoomCleaner.swift; sourceTree = "<group>"; };
		91DC08B223B91DD100E934E5 /* Q1060_MissingElement.swift */ = {isa = PBXFileReference; lastKnownFileType = sourcecode.swift; path = Q1060_MissingElement.swift; sourceTree = "<group>"; };
		91DC08B323B9208F00E934E5 /* Q41_FirstMissingPositive.swift */ = {isa = PBXFileReference; lastKnownFileType = sourcecode.swift; path = Q41_FirstMissingPositive.swift; sourceTree = "<group>"; };
		91DC08B423B9246500E934E5 /* Q79_WordSearch.swift */ = {isa = PBXFileReference; lastKnownFileType = sourcecode.swift; path = Q79_WordSearch.swift; sourceTree = "<group>"; };
		91DC08B523B92D7B00E934E5 /* Q212_WordSearchII.swift */ = {isa = PBXFileReference; lastKnownFileType = sourcecode.swift; path = Q212_WordSearchII.swift; sourceTree = "<group>"; };
		91DC08B623B9395800E934E5 /* Q207_CourseSchedule.swift */ = {isa = PBXFileReference; lastKnownFileType = sourcecode.swift; path = Q207_CourseSchedule.swift; sourceTree = "<group>"; };
		91DC08B723B93DBE00E934E5 /* Q210_CourseScheduleII.swift */ = {isa = PBXFileReference; lastKnownFileType = sourcecode.swift; path = Q210_CourseScheduleII.swift; sourceTree = "<group>"; };
		91DC08B823BC5A6900E934E5 /* Heap.swift */ = {isa = PBXFileReference; lastKnownFileType = sourcecode.swift; path = Heap.swift; sourceTree = "<group>"; };
		91DC08BA23BD5F5E00E934E5 /* Q295_MedianFromDataStream.swift */ = {isa = PBXFileReference; lastKnownFileType = sourcecode.swift; path = Q295_MedianFromDataStream.swift; sourceTree = "<group>"; };
		91DC08BB23BD718600E934E5 /* Q480_SlidingWindowMedian.swift */ = {isa = PBXFileReference; lastKnownFileType = sourcecode.swift; path = Q480_SlidingWindowMedian.swift; sourceTree = "<group>"; };
		91DC08BC23BD74DF00E934E5 /* Q286_WallsGates.swift */ = {isa = PBXFileReference; lastKnownFileType = sourcecode.swift; path = Q286_WallsGates.swift; sourceTree = "<group>"; };
		91DC08BD23BD78D000E934E5 /* Q938_RangeSumBST.swift */ = {isa = PBXFileReference; lastKnownFileType = sourcecode.swift; path = Q938_RangeSumBST.swift; sourceTree = "<group>"; };
		91DC08BE23BD79FD00E934E5 /* Q114_FlattenBT2LL.swift */ = {isa = PBXFileReference; lastKnownFileType = sourcecode.swift; path = Q114_FlattenBT2LL.swift; sourceTree = "<group>"; };
		91DC08BF23BD980000E934E5 /* Q1146_SnapshotArray.swift */ = {isa = PBXFileReference; lastKnownFileType = sourcecode.swift; path = Q1146_SnapshotArray.swift; sourceTree = "<group>"; };
		91DC08C023BD9D3600E934E5 /* Q138_CopyListRandomPtr.swift */ = {isa = PBXFileReference; lastKnownFileType = sourcecode.swift; path = Q138_CopyListRandomPtr.swift; sourceTree = "<group>"; };
		91DC08C123BD9E0E00E934E5 /* Q162_FindPeakElement.swift */ = {isa = PBXFileReference; lastKnownFileType = sourcecode.swift; path = Q162_FindPeakElement.swift; sourceTree = "<group>"; };
		91DC08C223BDA0A600E934E5 /* Q1123_LCADeepestLeaves.swift */ = {isa = PBXFileReference; lastKnownFileType = sourcecode.swift; path = Q1123_LCADeepestLeaves.swift; sourceTree = "<group>"; };
		91DC08C323BDA16200E934E5 /* Q490_TheMaze.swift */ = {isa = PBXFileReference; lastKnownFileType = sourcecode.swift; path = Q490_TheMaze.swift; sourceTree = "<group>"; };
		91DC08C423BDC01500E934E5 /* Q921_MinAddParentheses.swift */ = {isa = PBXFileReference; lastKnownFileType = sourcecode.swift; path = Q921_MinAddParentheses.swift; sourceTree = "<group>"; };
		91DC08C523BDC43500E934E5 /* Q111_MinDepthBT.swift */ = {isa = PBXFileReference; lastKnownFileType = sourcecode.swift; path = Q111_MinDepthBT.swift; sourceTree = "<group>"; };
		91DC08C623BDC8EB00E934E5 /* Q91_DecodeWays.swift */ = {isa = PBXFileReference; lastKnownFileType = sourcecode.swift; path = Q91_DecodeWays.swift; sourceTree = "<group>"; };
		91DC08C723BDCEAA00E934E5 /* Q14_LongestCommonPrefix.swift */ = {isa = PBXFileReference; lastKnownFileType = sourcecode.swift; path = Q14_LongestCommonPrefix.swift; sourceTree = "<group>"; };
		91DC08C823BDD04500E934E5 /* Q1213_Intersection3SortedArrs.swift */ = {isa = PBXFileReference; lastKnownFileType = sourcecode.swift; path = Q1213_Intersection3SortedArrs.swift; sourceTree = "<group>"; };
		91DC08C923BDE5A400E934E5 /* Q549_BTLongestConsecutiveSeqII.swift */ = {isa = PBXFileReference; lastKnownFileType = sourcecode.swift; path = Q549_BTLongestConsecutiveSeqII.swift; sourceTree = "<group>"; };
		91DC08CA23BDED4A00E934E5 /* Q317_ShortestDistAllBuildings.swift */ = {isa = PBXFileReference; lastKnownFileType = sourcecode.swift; path = Q317_ShortestDistAllBuildings.swift; sourceTree = "<group>"; };
		91FE3D7C23A5F22700849151 /* Q301_RemoveInvalidParentheses.swift */ = {isa = PBXFileReference; lastKnownFileType = sourcecode.swift; path = Q301_RemoveInvalidParentheses.swift; sourceTree = "<group>"; };
		91FE3D7D23A5F62F00849151 /* Q67_AddBinary.swift */ = {isa = PBXFileReference; lastKnownFileType = sourcecode.swift; path = Q67_AddBinary.swift; sourceTree = "<group>"; };
		91FE3D7E23A5F7BD00849151 /* Q1_TwoSum.swift */ = {isa = PBXFileReference; lastKnownFileType = sourcecode.swift; path = Q1_TwoSum.swift; sourceTree = "<group>"; };
/* End PBXFileReference section */

/* Begin PBXGroup section */
		910E74C223A5B4D40036F4E9 = {
			isa = PBXGroup;
			children = (
				91DC085523AC68B100E934E5 /* Q953_VerifyingAlienDictionary.swift */,
				91FE3D7C23A5F22700849151 /* Q301_RemoveInvalidParentheses.swift */,
				910E74CB23A5C4F10036F4E9 /* Q680_ValidPalindromeII.swift */,
				91DC085623AC6F3500E934E5 /* Q238_ProductArrayExceptSelf.swift */,
				91DC085723AC74A000E934E5 /* Q973_KClosestPointsOrigin.swift */,
				91DC085823AC822400E934E5 /* Q560_SubarraySumEqualsK.swift */,
				91BE74C423C15260008CB421 /* Q325_MaxSubarraySumK.swift */,
				91FE3D7D23A5F62F00849151 /* Q67_AddBinary.swift */,
				91DC085923ACA2D600E934E5 /* Q1249_MinRmValidParentheses.swift */,
				91DC085A23ACC38900E934E5 /* Q273_IntegerEnglishWords.swift */,
				91DC085D23AD843F00E934E5 /* Q426_BST2SortedDLL.swift */,
				91DC085123A8D66300E934E5 /* Q282_ExpressionAddOperators.swift */,
				91DC086023AD97F000E934E5 /* Q297_SerializeBT.swift */,
				91DC085B23ACCC2B00E934E5 /* Q124_BinaryTreeMaxPathSum.swift */,
				91DC085C23AD6A0600E934E5 /* Q523_ContinuousSubarraySum.swift */,
				910E74CA23A5BF640036F4E9 /* Q125_ValidPalindrome.swift */,
				91DC086723AF18E800E934E5 /* Q438_FindAnagrams.swift */,
				91DC086323ADC33400E934E5 /* Q76_MinWindowSubstring.swift */,
				91DC085423AC5B9100E934E5 /* Q269_AlienDictionary.swift */,
				91DC085323AB6AB400E934E5 /* Q621_TaskScheduler.swift */,
				91DC086823AF2CC700E934E5 /* Q199_BTRightView.swift */,
				917B55EA23A72FD200B9DEBA /* Q23_MergeKSortedLists.swift */,
				91DC086923AF377900E934E5 /* Q211_AddSearchWord.swift */,
				91DC087023AF689F00E934E5 /* Q173_BSTIterator.swift */,
				91DC087123AF6C4B00E934E5 /* Q65_ValidNumber.swift */,
				91DC087223AF70F300E934E5 /* Q636_ExclusiveTimeFunctions.swift */,
				91DC086B23AF47F000E934E5 /* Q340_LongestSubstrKChars.swift */,
				91DC086C23AF4B4B00E934E5 /* Q785_GraphBipartite.swift */,
				91DC087423B02A5D00E934E5 /* Q139_WordBreak.swift */,
				91DC087623B033B500E934E5 /* Q415_AddStrings.swift */,
				91DC087723B0356A00E934E5 /* Q986_IntervalIntersect.swift */,
				91DC087823B0379100E934E5 /* Q543_DiameterBT.swift */,
				91DC087923B0422800E934E5 /* Q98_ValidateBST.swift */,
				91DC087A23B0465E00E934E5 /* Q71_SimplifyPath.swift */,
				91DC087B23B046AF00E934E5 /* Q278_FirstBadVersion.swift */,
				91DC087C23B0ACA600E934E5 /* Q253_MeetingRoomsII.swift */,
				91DC087D23B0AFA800E934E5 /* Q34_FirstLastPosition.swift */,
				91DC087E23B1879F00E934E5 /* Q304_RangeSumQuery.swift */,
				91DC087F23B18D4300E934E5 /* Q349_IntersectionTwoArrs.swift */,
				91DC088123B1A1A600E934E5 /* Q31_NextPermutation.swift */,
				91DC088223B1F75100E934E5 /* Q987_VerticalOrderTraversal.swift */,
				917B55EC23A73F8900B9DEBA /* Q56_MergeIntervals.swift */,
				91DC088323B2E18500E934E5 /* Q133_CloneGraph.swift */,
				91DC088423B3595D00E934E5 /* Q721_AccountsMerge.swift */,
				91DC088523B42BF800E934E5 /* Q689_MaxSum3Subarrs.swift */,
				91DC088623B44B4E00E934E5 /* Q825_FriendsAges.swift */,
				91DC088723B4653E00E934E5 /* Q215_KthLargestElement.swift */,
				91DC088823B4733700E934E5 /* Q824_GoatLatin.swift */,
				91DC088923B4893200E934E5 /* Q270_ClosestBSTValue.swift */,
				91BE74C523C1563D008CB421 /* Q230_KthSmallestBST.swift */,
				91DC088A23B48ADE00E934E5 /* Q896_MonotonicArray.swift */,
				91DC088B23B499AD00E934E5 /* Q863_AllNodesDistanceK.swift */,
				91DC088C23B4AD1900E934E5 /* Q398_RandomPickIndex.swift */,
				91DC088F23B4B96300E934E5 /* Q1004_MaxConsecutiveOnesIII.swift */,
				91DC088D23B4ADB000E934E5 /* Q247_StrobogrammaticII.swift */,
				91DC089923B6D76D00E934E5 /* Q767_ReorganizeString.swift */,
				91DC089223B4BFED00E934E5 /* Q33_SearchRotatedSortedArr.swift */,
				91DC089823B6038800E934E5 /* Q1027_LongestArithmeticSeq.swift */,
				91DC088E23B4B65F00E934E5 /* Q246_Strobogrammatic.swift */,
				91DC089A23B6DBA600E934E5 /* Q314_BTVerticalOrderTraversal.swift */,
				91DC089B23B6E61F00E934E5 /* Q143_ReorderList.swift */,
				91DC087523B02E9B00E934E5 /* Q140_WordBreakII.swift */,
				91DC089C23B6E86700E934E5 /* Q88_MergeSortedArray.swift */,
				91DC089E23B7088B00E934E5 /* Q1197_MinKnightMoves.swift */,
				91DC08A023B70EC400E934E5 /* Q708_InsertSortedCLL.swift */,
				91DC08A123B70F7900E934E5 /* Q416_PartitionSubsetSum.swift */,
				91DC08A223B72FB200E934E5 /* Q958_CompletenessBT.swift */,
				91DC08A323B733CB00E934E5 /* Q161_OneEditDistance.swift */,
				91DC08A923B7568000E934E5 /* Q43_MultiplyStrings.swift */,
				91DC08AE23B8785000E934E5 /* Q380_InsertDeleteRandom.swift */,
				91DC08A723B74B5E00E934E5 /* Q1216_ValidPalindromeIII.swift */,
				91DC08AB23B75CB000E934E5 /* Q29_DivideIntegers.swift */,
				91DC088023B1905100E934E5 /* Q350_IntersectionTwoArrsII.swift */,
				91DC086523AF0DD700E934E5 /* Q146_LRUCache.swift */,
				91DC08AF23B8844600E934E5 /* Q528_RandomPickWeight.swift */,
				91DC085023A8D55000E934E5 /* Q200_NumberOfIslands.swift */,
				91DC08AD23B85D2700E934E5 /* Q127_WordLadder.swift */,
				91DC08AC23B75D1400E934E5 /* Q126_WordLadderII.swift */,
				91DC08A423B7357700E934E5 /* Q1094_CarPooling.swift */,
				91DC08B223B91DD100E934E5 /* Q1060_MissingElement.swift */,
				91DC08B023B89FDA00E934E5 /* Q32_LongestParentheses.swift */,
				91DC08BB23BD718600E934E5 /* Q480_SlidingWindowMedian.swift */,
				91DC08B123B8B2E900E934E5 /* Q489_RobotRoomCleaner.swift */,
				910E74C923A5B5020036F4E9 /* Q15_3Sum.swift */,
				91DC08BD23BD78D000E934E5 /* Q938_RangeSumBST.swift */,
				91DC08BC23BD74DF00E934E5 /* Q286_WallsGates.swift */,
				91DC08BE23BD79FD00E934E5 /* Q114_FlattenBT2LL.swift */,
				91DC08C023BD9D3600E934E5 /* Q138_CopyListRandomPtr.swift */,
				91DC08AA23B7591E00E934E5 /* Q42_TrappingRainWater.swift */,
				91DC08C323BDA16200E934E5 /* Q490_TheMaze.swift */,
				91DC089D23B6EA4300E934E5 /* Q319_BulbSwitcher.swift */,
				91DC08C223BDA0A600E934E5 /* Q1123_LCADeepestLeaves.swift */,
				91DC08C123BD9E0E00E934E5 /* Q162_FindPeakElement.swift */,
				91DC08BF23BD980000E934E5 /* Q1146_SnapshotArray.swift */,
				91DC08C423BDC01500E934E5 /* Q921_MinAddParentheses.swift */,
				91DC08C523BDC43500E934E5 /* Q111_MinDepthBT.swift */,
				91DC08C623BDC8EB00E934E5 /* Q91_DecodeWays.swift */,
				91BE74B823BE934C008CB421 /* Q568_MaxVacationDays.swift */,
				91BE74BA23C06611008CB421 /* Q691_StickersSpellWord.swift */,
				91BE74BD23C09F51008CB421 /* Q249_GroupShiftedStrings.swift */,
				91BE74BB23C06FAC008CB421 /* Q339_NestedListWeightSum.swift */,
				91BE74C023C12D55008CB421 /* Q969_PancakeSorting.swift */,
				91BE74C123C12EEB008CB421 /* Q637_AvgLevelsBT.swift */,
				91BE74C223C13159008CB421 /* Q766_ToeplitzMatrix.swift */,
				91BE74C323C14E15008CB421 /* Q494_TargetSum.swift */,
				91DC08B423B9246500E934E5 /* Q79_WordSearch.swift */,
				91DC08B523B92D7B00E934E5 /* Q212_WordSearchII.swift */,
				91DC08B623B9395800E934E5 /* Q207_CourseSchedule.swift */,
				91DC08B723B93DBE00E934E5 /* Q210_CourseScheduleII.swift */,
				91DC08BA23BD5F5E00E934E5 /* Q295_MedianFromDataStream.swift */,
				91DC08C823BDD04500E934E5 /* Q1213_Intersection3SortedArrs.swift */,
				91DC08C923BDE5A400E934E5 /* Q549_BTLongestConsecutiveSeqII.swift */,
				91DC08CA23BDED4A00E934E5 /* Q317_ShortestDistAllBuildings.swift */,
				9142E31623C7BE9F00180B72 /* Q529_Minesweeper.swift */,
				9142E31723C7C35100180B72 /* Q452_MinArrowsBurstBalloons.swift */,
				91DC087323AF715000E934E5 /* Others.swift */,
				91DC08B323B9208F00E934E5 /* Q41_FirstMissingPositive.swift */,
				910E74CC23A5C6A20036F4E9 /* Q283_MoveZeroes.swift */,
				91FE3D7E23A5F7BD00849151 /* Q1_TwoSum.swift */,
				91DC08C723BDCEAA00E934E5 /* Q14_LongestCommonPrefix.swift */,
				917B55E823A7075E00B9DEBA /* Q257_BinaryTreePaths.swift */,
				917B55E923A719F400B9DEBA /* Q17_PhoneNumber.swift */,
				91DC085223AA02A200E934E5 /* Q78_Subsets.swift */,
				91DC08A523B73BFD00E934E5 /* Q1143_LongestCommonSubseq.swift */,
				91DC08A623B74B2D00E934E5 /* Q516_LongestPalindromicSubseq.swift */,
				91DC08A823B74F7900E934E5 /* Q53_MaximumSubarray.swift */,
				91BE74BC23C079BE008CB421 /* Q405_Num2Hex.swift */,
				91BE74C823C1D377008CB421 /* Q51_NQueens.swift */,
				91BE74C723C1962B008CB421 /* 37_SudokuSolver.swift */,
				9142E31523C7267800180B72 /* 1007_MinDominoRotation.swift */,
				9142E31823CBFA7500180B72 /* Q1192_CriticalConnections.swift */,
				9142E31923CC1BE900180B72 /* Q937_ReorderDataLogs.swift */,
				9142E31A23CC1E4F00180B72 /* Q5_LongestPalindromicSubstr.swift */,
				9142E31B23CC211100180B72 /* Q240_Search2DMatrixII.swift */,
				91D0542623D0081D0017BED0 /* Q418_SentenceScreenFitting.swift */,
				91D0542723D014430017BED0 /* Q68_TextJustification.swift */,
				91DC089723B577B500E934E5 /* SlidingWindow.swift */,
				91DC089423B570CA00E934E5 /* Q1234_ReplaceForBalancedString.swift */,
				91DC089523B5761E00E934E5 /* Q992_SubarrayKIntegers.swift */,
				91DC089623B576A300E934E5 /* Q1248_CountNiceSubarrays.swift */,
				91DC089323B5581900E934E5 /* Q209_MinSizeSubarrSum.swift */,
				91DC089023B4BA5C00E934E5 /* Q485_MaxConsecutiveOnes.swift */,
				91DC089123B4BC9D00E934E5 /* Q487_MaxConsecutiveOnesII.swift */,
				91DC086223ADC22700E934E5 /* CharString.swift */,
				91DC086E23AF635300E934E5 /* BinarySearch.swift */,
				91DC086F23AF636400E934E5 /* Q540_SingleElement.swift */,
				91DC086423AED98F00E934E5 /* LinkedList.swift */,
				917B55EB23A7356400B9DEBA /* Q206_ReverseLinkedList.swift */,
				91DC086623AF0E8900E934E5 /* Q460_LFUCache.swift */,
				91BE74B923C03213008CB421 /* Q328_OddEvenLL.swift */,
				91DC085F23AD91D200E934E5 /* Tree.swift */,
				91DC085E23AD919C00E934E5 /* Q102_BTLevelOrderTraversal.swift */,
				91DC086123ADA1D900E934E5 /* Q428_SerializeNTree.swift */,
				91DC086A23AF3B5E00E934E5 /* Q208_ImplementTrie.swift */,
				91BE74BE23C11CDF008CB421 /* Q701_InsertBST.swift */,
				91BE74BF23C123B9008CB421 /* Q450_DeleteBST.swift */,
				91DC086D23AF4B7400E934E5 /* Graph.swift */,
				91DC08B823BC5A6900E934E5 /* Heap.swift */,
				91BE74C623C15E7C008CB421 /* Q703_KLargestStream.swift */,
			);
			sourceTree = "<group>";
		};
/* End PBXGroup section */

/* Begin PBXProject section */
		910E74C323A5B4D40036F4E9 /* Project object */ = {
			isa = PBXProject;
			attributes = {
				LastUpgradeCheck = 1130;
			};
			buildConfigurationList = 910E74C623A5B4D40036F4E9 /* Build configuration list for PBXProject "AtlasLoop" */;
			compatibilityVersion = "Xcode 9.3";
			developmentRegion = en;
			hasScannedForEncodings = 0;
			knownRegions = (
				en,
				Base,
			);
			mainGroup = 910E74C223A5B4D40036F4E9;
			projectDirPath = "";
			projectRoot = "";
			targets = (
			);
		};
/* End PBXProject section */

/* Begin XCBuildConfiguration section */
		910E74C723A5B4D40036F4E9 /* Debug */ = {
			isa = XCBuildConfiguration;
			buildSettings = {
				CLANG_WARN_BLOCK_CAPTURE_AUTORELEASING = YES;
				CLANG_WARN_BOOL_CONVERSION = YES;
				CLANG_WARN_COMMA = YES;
				CLANG_WARN_CONSTANT_CONVERSION = YES;
				CLANG_WARN_DEPRECATED_OBJC_IMPLEMENTATIONS = YES;
				CLANG_WARN_EMPTY_BODY = YES;
				CLANG_WARN_ENUM_CONVERSION = YES;
				CLANG_WARN_INFINITE_RECURSION = YES;
				CLANG_WARN_INT_CONVERSION = YES;
				CLANG_WARN_NON_LITERAL_NULL_CONVERSION = YES;
				CLANG_WARN_OBJC_IMPLICIT_RETAIN_SELF = YES;
				CLANG_WARN_OBJC_LITERAL_CONVERSION = YES;
				CLANG_WARN_RANGE_LOOP_ANALYSIS = YES;
				CLANG_WARN_STRICT_PROTOTYPES = YES;
				CLANG_WARN_SUSPICIOUS_MOVE = YES;
				CLANG_WARN_UNREACHABLE_CODE = YES;
				CLANG_WARN__DUPLICATE_METHOD_MATCH = YES;
				ENABLE_STRICT_OBJC_MSGSEND = YES;
				ENABLE_TESTABILITY = YES;
				GCC_NO_COMMON_BLOCKS = YES;
				GCC_WARN_64_TO_32_BIT_CONVERSION = YES;
				GCC_WARN_ABOUT_RETURN_TYPE = YES;
				GCC_WARN_UNDECLARED_SELECTOR = YES;
				GCC_WARN_UNINITIALIZED_AUTOS = YES;
				GCC_WARN_UNUSED_FUNCTION = YES;
				GCC_WARN_UNUSED_VARIABLE = YES;
				ONLY_ACTIVE_ARCH = YES;
			};
			name = Debug;
		};
		910E74C823A5B4D40036F4E9 /* Release */ = {
			isa = XCBuildConfiguration;
			buildSettings = {
				CLANG_WARN_BLOCK_CAPTURE_AUTORELEASING = YES;
				CLANG_WARN_BOOL_CONVERSION = YES;
				CLANG_WARN_COMMA = YES;
				CLANG_WARN_CONSTANT_CONVERSION = YES;
				CLANG_WARN_DEPRECATED_OBJC_IMPLEMENTATIONS = YES;
				CLANG_WARN_EMPTY_BODY = YES;
				CLANG_WARN_ENUM_CONVERSION = YES;
				CLANG_WARN_INFINITE_RECURSION = YES;
				CLANG_WARN_INT_CONVERSION = YES;
				CLANG_WARN_NON_LITERAL_NULL_CONVERSION = YES;
				CLANG_WARN_OBJC_IMPLICIT_RETAIN_SELF = YES;
				CLANG_WARN_OBJC_LITERAL_CONVERSION = YES;
				CLANG_WARN_RANGE_LOOP_ANALYSIS = YES;
				CLANG_WARN_STRICT_PROTOTYPES = YES;
				CLANG_WARN_SUSPICIOUS_MOVE = YES;
				CLANG_WARN_UNREACHABLE_CODE = YES;
				CLANG_WARN__DUPLICATE_METHOD_MATCH = YES;
				ENABLE_STRICT_OBJC_MSGSEND = YES;
				GCC_NO_COMMON_BLOCKS = YES;
				GCC_WARN_64_TO_32_BIT_CONVERSION = YES;
				GCC_WARN_ABOUT_RETURN_TYPE = YES;
				GCC_WARN_UNDECLARED_SELECTOR = YES;
				GCC_WARN_UNINITIALIZED_AUTOS = YES;
				GCC_WARN_UNUSED_FUNCTION = YES;
				GCC_WARN_UNUSED_VARIABLE = YES;
			};
			name = Release;
		};
/* End XCBuildConfiguration section */

/* Begin XCConfigurationList section */
		910E74C623A5B4D40036F4E9 /* Build configuration list for PBXProject "AtlasLoop" */ = {
			isa = XCConfigurationList;
			buildConfigurations = (
				910E74C723A5B4D40036F4E9 /* Debug */,
				910E74C823A5B4D40036F4E9 /* Release */,
			);
			defaultConfigurationIsVisible = 0;
			defaultConfigurationName = Release;
		};
/* End XCConfigurationList section */
	};
	rootObject = 910E74C323A5B4D40036F4E9 /* Project object */;
}
